
Microsoft Visual Studio Solution File, Format Version 12.00
# Visual Studio 15
VisualStudioVersion = 15.0.26730.16
MinimumVisualStudioVersion = 10.0.40219.1
Project("{FAE04EC0-301F-11D3-BF4B-00C04F79EFBC}") = "FailureSimulator.Core", "FailureSimulator.Core\FailureSimulator.Core.csproj", "{38E8C441-2673-4CEB-AB76-508462BCA9E8}"
EndProject
Project("{FAE04EC0-301F-11D3-BF4B-00C04F79EFBC}") = "FailureSimulator.Console", "FailureSimulator.Console\FailureSimulator.Console.csproj", "{37431F6A-C98B-48CC-AFAB-66A8DA448549}"
	ProjectSection(ProjectDependencies) = postProject
		{38E8C441-2673-4CEB-AB76-508462BCA9E8} = {38E8C441-2673-4CEB-AB76-508462BCA9E8}
	EndProjectSection
EndProject
Project("{FAE04EC0-301F-11D3-BF4B-00C04F79EFBC}") = "FailureSimulator.Tests", "FailureSimulator.Tests\FailureSimulator.Tests.csproj", "{43E3C873-83D2-44AE-93F0-2A7D31072FF5}"
EndProject
Global
	GlobalSection(SolutionConfigurationPlatforms) = preSolution
		Debug|Any CPU = Debug|Any CPU
		Release|Any CPU = Release|Any CPU
	EndGlobalSection
	GlobalSection(ProjectConfigurationPlatforms) = postSolution
		{38E8C441-2673-4CEB-AB76-508462BCA9E8}.Debug|Any CPU.ActiveCfg = Debug|Any CPU
		{38E8C441-2673-4CEB-AB76-508462BCA9E8}.Debug|Any CPU.Build.0 = Debug|Any CPU
		{38E8C441-2673-4CEB-AB76-508462BCA9E8}.Release|Any CPU.ActiveCfg = Release|Any CPU
		{38E8C441-2673-4CEB-AB76-508462BCA9E8}.Release|Any CPU.Build.0 = Release|Any CPU
		{37431F6A-C98B-48CC-AFAB-66A8DA448549}.Debug|Any CPU.ActiveCfg = Debug|Any CPU
		{37431F6A-C98B-48CC-AFAB-66A8DA448549}.Debug|Any CPU.Build.0 = Debug|Any CPU
		{37431F6A-C98B-48CC-AFAB-66A8DA448549}.Release|Any CPU.ActiveCfg = Release|Any CPU
		{37431F6A-C98B-48CC-AFAB-66A8DA448549}.Release|Any CPU.Build.0 = Release|Any CPU
		{43E3C873-83D2-44AE-93F0-2A7D31072FF5}.Debug|Any CPU.ActiveCfg = Debug|Any CPU
		{43E3C873-83D2-44AE-93F0-2A7D31072FF5}.Debug|Any CPU.Build.0 = Debug|Any CPU
		{43E3C873-83D2-44AE-93F0-2A7D31072FF5}.Release|Any CPU.ActiveCfg = Release|Any CPU
		{43E3C873-83D2-44AE-93F0-2A7D31072FF5}.Release|Any CPU.Build.0 = Release|Any CPU
	EndGlobalSection
	GlobalSection(SolutionProperties) = preSolution
		HideSolutionNode = FALSE
	EndGlobalSection
	GlobalSection(ExtensibilityGlobals) = postSolution
		SolutionGuid = {CE4D9E2F-943B-4DF4-826C-130E1B737109}
	EndGlobalSection
EndGlobal
